
Microsoft Visual Studio Solution File, Format Version 12.00
# Visual Studio Version 16
VisualStudioVersion = 16.0.30011.22
MinimumVisualStudioVersion = 10.0.40219.1
Project("{8BC9CEB8-8B4A-11D0-8D11-00A0C91BC942}") = "SocketDemo", "RoboCat\Chapter3.vcxproj", "{B3B75176-8D81-4E7B-A5D0-C2E5423844D3}"
	ProjectSection(ProjectDependencies) = postProject
		{DB900E08-5331-46D6-B450-6775A2C7C856} = {DB900E08-5331-46D6-B450-6775A2C7C856}
		{4B9AB2DA-44CB-4F3D-866F-FA7F345BD810} = {4B9AB2DA-44CB-4F3D-866F-FA7F345BD810}
	EndProjectSection
EndProject
Project("{8BC9CEB8-8B4A-11D0-8D11-00A0C91BC942}") = "GraphicsLib", "GraphicsLib\GraphicsLib.vcxproj", "{4B9AB2DA-44CB-4F3D-866F-FA7F345BD810}"
	ProjectSection(ProjectDependencies) = postProject
		{DB900E08-5331-46D6-B450-6775A2C7C856} = {DB900E08-5331-46D6-B450-6775A2C7C856}
	EndProjectSection
EndProject
Project("{8BC9CEB8-8B4A-11D0-8D11-00A0C91BC942}") = "DeanLib", "common\DeanLib\DeanLib.vcxproj", "{DB900E08-5331-46D6-B450-6775A2C7C856}"
EndProject
Global
	GlobalSection(SolutionConfigurationPlatforms) = preSolution
		Debug|ARM = Debug|ARM
		Debug|Win32 = Debug|Win32
		Debug|x64 = Debug|x64
		Profile|ARM = Profile|ARM
		Profile|Win32 = Profile|Win32
		Profile|x64 = Profile|x64
		Release|ARM = Release|ARM
		Release|Win32 = Release|Win32
		Release|x64 = Release|x64
	EndGlobalSection
	GlobalSection(ProjectConfigurationPlatforms) = postSolution
		{B3B75176-8D81-4E7B-A5D0-C2E5423844D3}.Debug|ARM.ActiveCfg = Debug|ARM
		{B3B75176-8D81-4E7B-A5D0-C2E5423844D3}.Debug|ARM.Build.0 = Debug|ARM
		{B3B75176-8D81-4E7B-A5D0-C2E5423844D3}.Debug|Win32.ActiveCfg = Debug|Win32
		{B3B75176-8D81-4E7B-A5D0-C2E5423844D3}.Debug|Win32.Build.0 = Debug|Win32
		{B3B75176-8D81-4E7B-A5D0-C2E5423844D3}.Debug|x64.ActiveCfg = Debug|x64
		{B3B75176-8D81-4E7B-A5D0-C2E5423844D3}.Debug|x64.Build.0 = Debug|x64
		{B3B75176-8D81-4E7B-A5D0-C2E5423844D3}.Profile|ARM.ActiveCfg = Profile|ARM
		{B3B75176-8D81-4E7B-A5D0-C2E5423844D3}.Profile|ARM.Build.0 = Profile|ARM
		{B3B75176-8D81-4E7B-A5D0-C2E5423844D3}.Profile|Win32.ActiveCfg = Profile|Win32
		{B3B75176-8D81-4E7B-A5D0-C2E5423844D3}.Profile|Win32.Build.0 = Profile|Win32
		{B3B75176-8D81-4E7B-A5D0-C2E5423844D3}.Profile|x64.ActiveCfg = Profile|x64
		{B3B75176-8D81-4E7B-A5D0-C2E5423844D3}.Profile|x64.Build.0 = Profile|x64
		{B3B75176-8D81-4E7B-A5D0-C2E5423844D3}.Release|ARM.ActiveCfg = Release|ARM
		{B3B75176-8D81-4E7B-A5D0-C2E5423844D3}.Release|ARM.Build.0 = Release|ARM
		{B3B75176-8D81-4E7B-A5D0-C2E5423844D3}.Release|Win32.ActiveCfg = Release|Win32
		{B3B75176-8D81-4E7B-A5D0-C2E5423844D3}.Release|Win32.Build.0 = Release|Win32
		{B3B75176-8D81-4E7B-A5D0-C2E5423844D3}.Release|x64.ActiveCfg = Release|x64
		{B3B75176-8D81-4E7B-A5D0-C2E5423844D3}.Release|x64.Build.0 = Release|x64
		{4B9AB2DA-44CB-4F3D-866F-FA7F345BD810}.Debug|ARM.ActiveCfg = Debug|ARM
		{4B9AB2DA-44CB-4F3D-866F-FA7F345BD810}.Debug|ARM.Build.0 = Debug|ARM
		{4B9AB2DA-44CB-4F3D-866F-FA7F345BD810}.Debug|Win32.ActiveCfg = Debug|Win32
		{4B9AB2DA-44CB-4F3D-866F-FA7F345BD810}.Debug|Win32.Build.0 = Debug|Win32
		{4B9AB2DA-44CB-4F3D-866F-FA7F345BD810}.Debug|x64.ActiveCfg = Debug|x64
		{4B9AB2DA-44CB-4F3D-866F-FA7F345BD810}.Debug|x64.Build.0 = Debug|x64
		{4B9AB2DA-44CB-4F3D-866F-FA7F345BD810}.Profile|ARM.ActiveCfg = Release|ARM
		{4B9AB2DA-44CB-4F3D-866F-FA7F345BD810}.Profile|ARM.Build.0 = Release|ARM
		{4B9AB2DA-44CB-4F3D-866F-FA7F345BD810}.Profile|Win32.ActiveCfg = Release|Win32
		{4B9AB2DA-44CB-4F3D-866F-FA7F345BD810}.Profile|Win32.Build.0 = Release|Win32
		{4B9AB2DA-44CB-4F3D-866F-FA7F345BD810}.Profile|x64.ActiveCfg = Release|x64
		{4B9AB2DA-44CB-4F3D-866F-FA7F345BD810}.Profile|x64.Build.0 = Release|x64
		{4B9AB2DA-44CB-4F3D-866F-FA7F345BD810}.Release|ARM.ActiveCfg = Release|ARM
		{4B9AB2DA-44CB-4F3D-866F-FA7F345BD810}.Release|ARM.Build.0 = Release|ARM
		{4B9AB2DA-44CB-4F3D-866F-FA7F345BD810}.Release|Win32.ActiveCfg = Release|Win32
		{4B9AB2DA-44CB-4F3D-866F-FA7F345BD810}.Release|Win32.Build.0 = Release|Win32
		{4B9AB2DA-44CB-4F3D-866F-FA7F345BD810}.Release|x64.ActiveCfg = Release|x64
		{4B9AB2DA-44CB-4F3D-866F-FA7F345BD810}.Release|x64.Build.0 = Release|x64
		{DB900E08-5331-46D6-B450-6775A2C7C856}.Debug|ARM.ActiveCfg = Debug|ARM
		{DB900E08-5331-46D6-B450-6775A2C7C856}.Debug|ARM.Build.0 = Debug|ARM
		{DB900E08-5331-46D6-B450-6775A2C7C856}.Debug|Win32.ActiveCfg = Debug|Win32
		{DB900E08-5331-46D6-B450-6775A2C7C856}.Debug|Win32.Build.0 = Debug|Win32
		{DB900E08-5331-46D6-B450-6775A2C7C856}.Debug|x64.ActiveCfg = Debug|Win32
		{DB900E08-5331-46D6-B450-6775A2C7C856}.Profile|ARM.ActiveCfg = Release|ARM
		{DB900E08-5331-46D6-B450-6775A2C7C856}.Profile|ARM.Build.0 = Release|ARM
		{DB900E08-5331-46D6-B450-6775A2C7C856}.Profile|Win32.ActiveCfg = Release|Win32
		{DB900E08-5331-46D6-B450-6775A2C7C856}.Profile|Win32.Build.0 = Release|Win32
		{DB900E08-5331-46D6-B450-6775A2C7C856}.Profile|x64.ActiveCfg = Release|Win32
		{DB900E08-5331-46D6-B450-6775A2C7C856}.Profile|x64.Build.0 = Release|Win32
		{DB900E08-5331-46D6-B450-6775A2C7C856}.Release|ARM.ActiveCfg = Release|ARM
		{DB900E08-5331-46D6-B450-6775A2C7C856}.Release|ARM.Build.0 = Release|ARM
		{DB900E08-5331-46D6-B450-6775A2C7C856}.Release|Win32.ActiveCfg = Release|Win32
		{DB900E08-5331-46D6-B450-6775A2C7C856}.Release|Win32.Build.0 = Release|Win32
		{DB900E08-5331-46D6-B450-6775A2C7C856}.Release|x64.ActiveCfg = Release|Win32
	EndGlobalSection
	GlobalSection(SolutionProperties) = preSolution
		HideSolutionNode = FALSE
	EndGlobalSection
	GlobalSection(ExtensibilityGlobals) = postSolution
		SolutionGuid = {22135BD3-88E9-49B5-AC5D-7502E700EE28}
	EndGlobalSection
EndGlobal
