
Microsoft Visual Studio Solution File, Format Version 12.00
# Visual Studio Version 16
VisualStudioVersion = 16.0.32126.315
MinimumVisualStudioVersion = 10.0.40219.1
Project("{8BC9CEB8-8B4A-11D0-8D11-00A0C91BC942}") = "SocketDemo", "RoboCat\Chapter3.vcxproj", "{B3B75176-8D81-4E7B-A5D0-C2E5423844D3}"
	ProjectSection(ProjectDependencies) = postProject
		{DB900E08-5331-46D6-B450-6775A2C7C856} = {DB900E08-5331-46D6-B450-6775A2C7C856}
		{4B9AB2DA-44CB-4F3D-866F-FA7F345BD810} = {4B9AB2DA-44CB-4F3D-866F-FA7F345BD810}
	EndProjectSection
EndProject
Project("{2150E333-8FDC-42A3-9474-1A3956D46DE8}") = "Solution Items", "Solution Items", "{04763FF9-6187-4AE4-9896-72C33BB941C9}"
EndProject
Project("{8BC9CEB8-8B4A-11D0-8D11-00A0C91BC942}") = "assignment2", "Game\assignment2.vcxproj", "{EC58DA42-88DA-4B82-BFC4-AE6D5219F837}"
EndProject
Project("{8BC9CEB8-8B4A-11D0-8D11-00A0C91BC942}") = "GraphicsLib", "Game\GraphicsLib\GraphicsLib.vcxproj", "{4B9AB2DA-44CB-4F3D-866F-FA7F345BD810}"
EndProject
Project("{8BC9CEB8-8B4A-11D0-8D11-00A0C91BC942}") = "DeanLib", "Game\DeanLib\DeanLib.vcxproj", "{DB900E08-5331-46D6-B450-6775A2C7C856}"
EndProject
Global
	GlobalSection(SolutionConfigurationPlatforms) = preSolution
		Debug|Win32 = Debug|Win32
		Debug|x64 = Debug|x64
		Profile|Win32 = Profile|Win32
		Profile|x64 = Profile|x64
		Release|Win32 = Release|Win32
		Release|x64 = Release|x64
	EndGlobalSection
	GlobalSection(ProjectConfigurationPlatforms) = postSolution
		{B3B75176-8D81-4E7B-A5D0-C2E5423844D3}.Debug|Win32.ActiveCfg = Debug|Win32
		{B3B75176-8D81-4E7B-A5D0-C2E5423844D3}.Debug|Win32.Build.0 = Debug|Win32
		{B3B75176-8D81-4E7B-A5D0-C2E5423844D3}.Debug|x64.ActiveCfg = Debug|x64
		{B3B75176-8D81-4E7B-A5D0-C2E5423844D3}.Debug|x64.Build.0 = Debug|x64
		{B3B75176-8D81-4E7B-A5D0-C2E5423844D3}.Profile|Win32.ActiveCfg = Profile|Win32
		{B3B75176-8D81-4E7B-A5D0-C2E5423844D3}.Profile|Win32.Build.0 = Profile|Win32
		{B3B75176-8D81-4E7B-A5D0-C2E5423844D3}.Profile|x64.ActiveCfg = Profile|x64
		{B3B75176-8D81-4E7B-A5D0-C2E5423844D3}.Profile|x64.Build.0 = Profile|x64
		{B3B75176-8D81-4E7B-A5D0-C2E5423844D3}.Release|Win32.ActiveCfg = Release|Win32
		{B3B75176-8D81-4E7B-A5D0-C2E5423844D3}.Release|Win32.Build.0 = Release|Win32
		{B3B75176-8D81-4E7B-A5D0-C2E5423844D3}.Release|x64.ActiveCfg = Release|x64
		{B3B75176-8D81-4E7B-A5D0-C2E5423844D3}.Release|x64.Build.0 = Release|x64
		{EC58DA42-88DA-4B82-BFC4-AE6D5219F837}.Debug|Win32.ActiveCfg = Debug|Win32
		{EC58DA42-88DA-4B82-BFC4-AE6D5219F837}.Debug|Win32.Build.0 = Debug|Win32
		{EC58DA42-88DA-4B82-BFC4-AE6D5219F837}.Debug|x64.ActiveCfg = Debug|x64
		{EC58DA42-88DA-4B82-BFC4-AE6D5219F837}.Debug|x64.Build.0 = Debug|x64
		{EC58DA42-88DA-4B82-BFC4-AE6D5219F837}.Profile|Win32.ActiveCfg = Debug|Win32
		{EC58DA42-88DA-4B82-BFC4-AE6D5219F837}.Profile|Win32.Build.0 = Debug|Win32
		{EC58DA42-88DA-4B82-BFC4-AE6D5219F837}.Profile|x64.ActiveCfg = Debug|x64
		{EC58DA42-88DA-4B82-BFC4-AE6D5219F837}.Profile|x64.Build.0 = Debug|x64
		{EC58DA42-88DA-4B82-BFC4-AE6D5219F837}.Release|Win32.ActiveCfg = Release|Win32
		{EC58DA42-88DA-4B82-BFC4-AE6D5219F837}.Release|Win32.Build.0 = Release|Win32
		{EC58DA42-88DA-4B82-BFC4-AE6D5219F837}.Release|x64.ActiveCfg = Release|x64
		{EC58DA42-88DA-4B82-BFC4-AE6D5219F837}.Release|x64.Build.0 = Release|x64
		{4B9AB2DA-44CB-4F3D-866F-FA7F345BD810}.Debug|Win32.ActiveCfg = Debug|Win32
		{4B9AB2DA-44CB-4F3D-866F-FA7F345BD810}.Debug|Win32.Build.0 = Debug|Win32
		{4B9AB2DA-44CB-4F3D-866F-FA7F345BD810}.Debug|x64.ActiveCfg = Debug|x64
		{4B9AB2DA-44CB-4F3D-866F-FA7F345BD810}.Debug|x64.Build.0 = Debug|x64
		{4B9AB2DA-44CB-4F3D-866F-FA7F345BD810}.Profile|Win32.ActiveCfg = Debug|Win32
		{4B9AB2DA-44CB-4F3D-866F-FA7F345BD810}.Profile|Win32.Build.0 = Debug|Win32
		{4B9AB2DA-44CB-4F3D-866F-FA7F345BD810}.Profile|x64.ActiveCfg = Debug|x64
		{4B9AB2DA-44CB-4F3D-866F-FA7F345BD810}.Profile|x64.Build.0 = Debug|x64
		{4B9AB2DA-44CB-4F3D-866F-FA7F345BD810}.Release|Win32.ActiveCfg = Release|Win32
		{4B9AB2DA-44CB-4F3D-866F-FA7F345BD810}.Release|Win32.Build.0 = Release|Win32
		{4B9AB2DA-44CB-4F3D-866F-FA7F345BD810}.Release|x64.ActiveCfg = Release|x64
		{4B9AB2DA-44CB-4F3D-866F-FA7F345BD810}.Release|x64.Build.0 = Release|x64
		{DB900E08-5331-46D6-B450-6775A2C7C856}.Debug|Win32.ActiveCfg = Debug|Win32
		{DB900E08-5331-46D6-B450-6775A2C7C856}.Debug|Win32.Build.0 = Debug|Win32
		{DB900E08-5331-46D6-B450-6775A2C7C856}.Debug|x64.ActiveCfg = Debug|Win32
		{DB900E08-5331-46D6-B450-6775A2C7C856}.Profile|Win32.ActiveCfg = Debug|Win32
		{DB900E08-5331-46D6-B450-6775A2C7C856}.Profile|Win32.Build.0 = Debug|Win32
		{DB900E08-5331-46D6-B450-6775A2C7C856}.Profile|x64.ActiveCfg = Debug|Win32
		{DB900E08-5331-46D6-B450-6775A2C7C856}.Profile|x64.Build.0 = Debug|Win32
		{DB900E08-5331-46D6-B450-6775A2C7C856}.Release|Win32.ActiveCfg = Release|Win32
		{DB900E08-5331-46D6-B450-6775A2C7C856}.Release|Win32.Build.0 = Release|Win32
		{DB900E08-5331-46D6-B450-6775A2C7C856}.Release|x64.ActiveCfg = Release|Win32
	EndGlobalSection
	GlobalSection(SolutionProperties) = preSolution
		HideSolutionNode = FALSE
	EndGlobalSection
	GlobalSection(ExtensibilityGlobals) = postSolution
		SolutionGuid = {01C7F7FF-2D28-47D8-B6CB-4B137B73DBE7}
	EndGlobalSection
EndGlobal
