
Microsoft Visual Studio Solution File, Format Version 12.00
# Visual Studio Version 16
VisualStudioVersion = 16.0.29411.108
MinimumVisualStudioVersion = 10.0.40219.1
Project("{8BC9CEB8-8B4A-11D0-8D11-00A0C91BC942}") = "Cards", "Cards.vcxproj", "{D3D51FF8-F9D2-43F3-9482-921390B58943}"
EndProject
Global
	GlobalSection(SolutionConfigurationPlatforms) = preSolution
		Debug|x64 = Debug|x64
		Debug|x86 = Debug|x86
		Release|x64 = Release|x64
		Release|x86 = Release|x86
	EndGlobalSection
	GlobalSection(ProjectConfigurationPlatforms) = postSolution
		{D3D51FF8-F9D2-43F3-9482-921390B58943}.Debug|x64.ActiveCfg = Debug|x64
		{D3D51FF8-F9D2-43F3-9482-921390B58943}.Debug|x64.Build.0 = Debug|x64
		{D3D51FF8-F9D2-43F3-9482-921390B58943}.Debug|x86.ActiveCfg = Debug|Win32
		{D3D51FF8-F9D2-43F3-9482-921390B58943}.Debug|x86.Build.0 = Debug|Win32
		{D3D51FF8-F9D2-43F3-9482-921390B58943}.Release|x64.ActiveCfg = Release|x64
		{D3D51FF8-F9D2-43F3-9482-921390B58943}.Release|x64.Build.0 = Release|x64
		{D3D51FF8-F9D2-43F3-9482-921390B58943}.Release|x86.ActiveCfg = Release|Win32
		{D3D51FF8-F9D2-43F3-9482-921390B58943}.Release|x86.Build.0 = Release|Win32
	EndGlobalSection
	GlobalSection(SolutionProperties) = preSolution
		HideSolutionNode = FALSE
	EndGlobalSection
	GlobalSection(ExtensibilityGlobals) = postSolution
		SolutionGuid = {93FB441B-FADC-4608-AE9A-5D075DAA6369}
	EndGlobalSection
EndGlobal
