
Microsoft Visual Studio Solution File, Format Version 12.00
# Visual Studio 15
VisualStudioVersion = 15.0.27130.2027
MinimumVisualStudioVersion = 10.0.40219.1
Project("{8BC9CEB8-8B4A-11D0-8D11-00A0C91BC942}") = "WidgetManager", "WidgetManager.vcxproj", "{840C5A96-6243-42D8-BEDE-184F075B4522}"
EndProject
Global
	GlobalSection(SolutionConfigurationPlatforms) = preSolution
		Debug|Win32 = Debug|Win32
		Release|Win32 = Release|Win32
	EndGlobalSection
	GlobalSection(ProjectConfigurationPlatforms) = postSolution
		{840C5A96-6243-42D8-BEDE-184F075B4522}.Debug|Win32.ActiveCfg = Debug|Win32
		{840C5A96-6243-42D8-BEDE-184F075B4522}.Debug|Win32.Build.0 = Debug|Win32
		{840C5A96-6243-42D8-BEDE-184F075B4522}.Release|Win32.ActiveCfg = Release|Win32
		{840C5A96-6243-42D8-BEDE-184F075B4522}.Release|Win32.Build.0 = Release|Win32
	EndGlobalSection
	GlobalSection(SolutionProperties) = preSolution
		HideSolutionNode = FALSE
	EndGlobalSection
	GlobalSection(ExtensibilityGlobals) = postSolution
		SolutionGuid = {51EFABDE-57EC-4F59-8068-29D9C347D030}
	EndGlobalSection
EndGlobal
