
Microsoft Visual Studio Solution File, Format Version 12.00
# Visual Studio 15
VisualStudioVersion = 15.0.26730.16
MinimumVisualStudioVersion = 10.0.40219.1
Project("{8BC9CEB8-8B4A-11D0-8D11-00A0C91BC942}") = "DeanLib", "DeanLib.vcxproj", "{DB900E08-5331-46D6-B450-6775A2C7C856}"
EndProject
Global
	GlobalSection(SolutionConfigurationPlatforms) = preSolution
		Debug|Win32 = Debug|Win32
		Release|Win32 = Release|Win32
	EndGlobalSection
	GlobalSection(ProjectConfigurationPlatforms) = postSolution
		{DB900E08-5331-46D6-B450-6775A2C7C856}.Debug|Win32.ActiveCfg = Debug|Win32
		{DB900E08-5331-46D6-B450-6775A2C7C856}.Debug|Win32.Build.0 = Debug|Win32
		{DB900E08-5331-46D6-B450-6775A2C7C856}.Release|Win32.ActiveCfg = Release|Win32
		{DB900E08-5331-46D6-B450-6775A2C7C856}.Release|Win32.Build.0 = Release|Win32
	EndGlobalSection
	GlobalSection(SolutionProperties) = preSolution
		HideSolutionNode = FALSE
	EndGlobalSection
	GlobalSection(ExtensibilityGlobals) = postSolution
		SolutionGuid = {03C61B9A-23B1-4AE3-B273-100743DFB149}
	EndGlobalSection
EndGlobal
